
Microsoft Visual Studio Solution File, Format Version 11.00
# Visual Studio 2010
Project("{FAE04EC0-301F-11D3-BF4B-00C04F79EFBC}") = "SimpleService", "SimpleService\SimpleService.csproj", "{09E3252C-530C-46BF-B704-D78D4910AD43}"
EndProject
Project("{FAE04EC0-301F-11D3-BF4B-00C04F79EFBC}") = "AspNetWebService", "AspNetWebService\AspNetWebService.csproj", "{F7862B86-8635-4435-94E2-90D60A90D548}"
EndProject
Project("{FAE04EC0-301F-11D3-BF4B-00C04F79EFBC}") = "SimpleClient", "SimpleClient\SimpleClient.csproj", "{3ECC3979-4AF5-43F5-8BB8-9C2F83DFA4B4}"
EndProject
Global
	GlobalSection(SolutionConfigurationPlatforms) = preSolution
		Debug|Any CPU = Debug|Any CPU
		Debug|Mixed Platforms = Debug|Mixed Platforms
		Debug|x86 = Debug|x86
		Release|Any CPU = Release|Any CPU
		Release|Mixed Platforms = Release|Mixed Platforms
		Release|x86 = Release|x86
	EndGlobalSection
	GlobalSection(ProjectConfigurationPlatforms) = postSolution
		{09E3252C-530C-46BF-B704-D78D4910AD43}.Debug|Any CPU.ActiveCfg = Debug|x86
		{09E3252C-530C-46BF-B704-D78D4910AD43}.Debug|Mixed Platforms.ActiveCfg = Debug|x86
		{09E3252C-530C-46BF-B704-D78D4910AD43}.Debug|Mixed Platforms.Build.0 = Debug|x86
		{09E3252C-530C-46BF-B704-D78D4910AD43}.Debug|x86.ActiveCfg = Debug|x86
		{09E3252C-530C-46BF-B704-D78D4910AD43}.Debug|x86.Build.0 = Debug|x86
		{09E3252C-530C-46BF-B704-D78D4910AD43}.Release|Any CPU.ActiveCfg = Release|x86
		{09E3252C-530C-46BF-B704-D78D4910AD43}.Release|Mixed Platforms.ActiveCfg = Release|x86
		{09E3252C-530C-46BF-B704-D78D4910AD43}.Release|Mixed Platforms.Build.0 = Release|x86
		{09E3252C-530C-46BF-B704-D78D4910AD43}.Release|x86.ActiveCfg = Release|x86
		{09E3252C-530C-46BF-B704-D78D4910AD43}.Release|x86.Build.0 = Release|x86
		{F7862B86-8635-4435-94E2-90D60A90D548}.Debug|Any CPU.ActiveCfg = Debug|Any CPU
		{F7862B86-8635-4435-94E2-90D60A90D548}.Debug|Any CPU.Build.0 = Debug|Any CPU
		{F7862B86-8635-4435-94E2-90D60A90D548}.Debug|Mixed Platforms.ActiveCfg = Debug|Any CPU
		{F7862B86-8635-4435-94E2-90D60A90D548}.Debug|Mixed Platforms.Build.0 = Debug|Any CPU
		{F7862B86-8635-4435-94E2-90D60A90D548}.Debug|x86.ActiveCfg = Debug|Any CPU
		{F7862B86-8635-4435-94E2-90D60A90D548}.Release|Any CPU.ActiveCfg = Release|Any CPU
		{F7862B86-8635-4435-94E2-90D60A90D548}.Release|Any CPU.Build.0 = Release|Any CPU
		{F7862B86-8635-4435-94E2-90D60A90D548}.Release|Mixed Platforms.ActiveCfg = Release|Any CPU
		{F7862B86-8635-4435-94E2-90D60A90D548}.Release|Mixed Platforms.Build.0 = Release|Any CPU
		{F7862B86-8635-4435-94E2-90D60A90D548}.Release|x86.ActiveCfg = Release|Any CPU
		{3ECC3979-4AF5-43F5-8BB8-9C2F83DFA4B4}.Debug|Any CPU.ActiveCfg = Debug|x86
		{3ECC3979-4AF5-43F5-8BB8-9C2F83DFA4B4}.Debug|Mixed Platforms.ActiveCfg = Debug|x86
		{3ECC3979-4AF5-43F5-8BB8-9C2F83DFA4B4}.Debug|Mixed Platforms.Build.0 = Debug|x86
		{3ECC3979-4AF5-43F5-8BB8-9C2F83DFA4B4}.Debug|x86.ActiveCfg = Debug|x86
		{3ECC3979-4AF5-43F5-8BB8-9C2F83DFA4B4}.Debug|x86.Build.0 = Debug|x86
		{3ECC3979-4AF5-43F5-8BB8-9C2F83DFA4B4}.Release|Any CPU.ActiveCfg = Release|x86
		{3ECC3979-4AF5-43F5-8BB8-9C2F83DFA4B4}.Release|Mixed Platforms.ActiveCfg = Release|x86
		{3ECC3979-4AF5-43F5-8BB8-9C2F83DFA4B4}.Release|Mixed Platforms.Build.0 = Release|x86
		{3ECC3979-4AF5-43F5-8BB8-9C2F83DFA4B4}.Release|x86.ActiveCfg = Release|x86
		{3ECC3979-4AF5-43F5-8BB8-9C2F83DFA4B4}.Release|x86.Build.0 = Release|x86
	EndGlobalSection
	GlobalSection(SolutionProperties) = preSolution
		HideSolutionNode = FALSE
	EndGlobalSection
EndGlobal
